
Microsoft Visual Studio Solution File, Format Version 12.00
# Visual Studio Version 17
VisualStudioVersion = 17.0.31903.59
MinimumVisualStudioVersion = 10.0.40219.1
Project("{2150E333-8FDC-42A3-9474-1A3956D46DE8}") = "src", "src", "{827E0CD3-B72D-47B6-A68D-7590B98EB39B}"
EndProject
Project("{FAE04EC0-301F-11D3-BF4B-00C04F79EFBC}") = "Nuvio.Desktop", "src\Nuvio.Desktop\Nuvio.Desktop.csproj", "{D75ADD98-30BB-43F4-8438-DE4E4BA8DFC3}"
EndProject
Project("{FAE04EC0-301F-11D3-BF4B-00C04F79EFBC}") = "Nuvio.Core", "src\Nuvio.Core\Nuvio.Core.csproj", "{12D05AE8-1B6E-4849-9F83-FE3C51A60C64}"
EndProject
Project("{FAE04EC0-301F-11D3-BF4B-00C04F79EFBC}") = "Nuvio.Player", "src\Nuvio.Player\Nuvio.Player.csproj", "{5427BDE8-922E-460B-BDE9-F354A8AFEBE0}"
EndProject
Project("{FAE04EC0-301F-11D3-BF4B-00C04F79EFBC}") = "Nuvio.Platform", "src\Nuvio.Platform\Nuvio.Platform.csproj", "{63916177-BF27-448A-BF0E-DC9BDC246E70}"
EndProject
Project("{FAE04EC0-301F-11D3-BF4B-00C04F79EFBC}") = "Nuvio.Data", "src\Nuvio.Data\Nuvio.Data.csproj", "{CD479209-A95B-400F-98D6-359109781FE5}"
EndProject
Project("{2150E333-8FDC-42A3-9474-1A3956D46DE8}") = "tests", "tests", "{0AB3BF05-4346-4AA6-1389-037BE0695223}"
EndProject
Project("{FAE04EC0-301F-11D3-BF4B-00C04F79EFBC}") = "Nuvio.Core.Tests", "tests\Nuvio.Core.Tests\Nuvio.Core.Tests.csproj", "{AA611316-2859-42F0-B0A1-B4306A4A2E09}"
EndProject
Project("{FAE04EC0-301F-11D3-BF4B-00C04F79EFBC}") = "Nuvio.Player.Tests", "tests\Nuvio.Player.Tests\Nuvio.Player.Tests.csproj", "{55B69612-F7DC-4221-B5AD-B323CFCF64E7}"
EndProject
Project("{FAE04EC0-301F-11D3-BF4B-00C04F79EFBC}") = "Nuvio.Data.Tests", "tests\Nuvio.Data.Tests\Nuvio.Data.Tests.csproj", "{7A335077-8387-4210-A8F1-2653C20BF074}"
EndProject
Project("{FAE04EC0-301F-11D3-BF4B-00C04F79EFBC}") = "Nuvio.Desktop.Tests", "tests\Nuvio.Desktop.Tests\Nuvio.Desktop.Tests.csproj", "{BB9CF314-02B7-4AB9-95BE-7BABEFA0BD2B}"
EndProject
Project("{FAE04EC0-301F-11D3-BF4B-00C04F79EFBC}") = "Nuvio.Platform.Tests", "tests\Nuvio.Platform.Tests\Nuvio.Platform.Tests.csproj", "{859D3C4F-D87C-42E8-B5C5-CF3D2CB77B41}"
EndProject
Global
	GlobalSection(SolutionConfigurationPlatforms) = preSolution
		Debug|Any CPU = Debug|Any CPU
		Debug|x64 = Debug|x64
		Debug|x86 = Debug|x86
		Release|Any CPU = Release|Any CPU
		Release|x64 = Release|x64
		Release|x86 = Release|x86
	EndGlobalSection
	GlobalSection(ProjectConfigurationPlatforms) = postSolution
		{D75ADD98-30BB-43F4-8438-DE4E4BA8DFC3}.Debug|Any CPU.ActiveCfg = Debug|Any CPU
		{D75ADD98-30BB-43F4-8438-DE4E4BA8DFC3}.Debug|Any CPU.Build.0 = Debug|Any CPU
		{D75ADD98-30BB-43F4-8438-DE4E4BA8DFC3}.Debug|x64.ActiveCfg = Debug|Any CPU
		{D75ADD98-30BB-43F4-8438-DE4E4BA8DFC3}.Debug|x64.Build.0 = Debug|Any CPU
		{D75ADD98-30BB-43F4-8438-DE4E4BA8DFC3}.Debug|x86.ActiveCfg = Debug|Any CPU
		{D75ADD98-30BB-43F4-8438-DE4E4BA8DFC3}.Debug|x86.Build.0 = Debug|Any CPU
		{D75ADD98-30BB-43F4-8438-DE4E4BA8DFC3}.Release|Any CPU.ActiveCfg = Release|Any CPU
		{D75ADD98-30BB-43F4-8438-DE4E4BA8DFC3}.Release|Any CPU.Build.0 = Release|Any CPU
		{D75ADD98-30BB-43F4-8438-DE4E4BA8DFC3}.Release|x64.ActiveCfg = Release|Any CPU
		{D75ADD98-30BB-43F4-8438-DE4E4BA8DFC3}.Release|x64.Build.0 = Release|Any CPU
		{D75ADD98-30BB-43F4-8438-DE4E4BA8DFC3}.Release|x86.ActiveCfg = Release|Any CPU
		{D75ADD98-30BB-43F4-8438-DE4E4BA8DFC3}.Release|x86.Build.0 = Release|Any CPU
		{12D05AE8-1B6E-4849-9F83-FE3C51A60C64}.Debug|Any CPU.ActiveCfg = Debug|Any CPU
		{12D05AE8-1B6E-4849-9F83-FE3C51A60C64}.Debug|Any CPU.Build.0 = Debug|Any CPU
		{12D05AE8-1B6E-4849-9F83-FE3C51A60C64}.Debug|x64.ActiveCfg = Debug|Any CPU
		{12D05AE8-1B6E-4849-9F83-FE3C51A60C64}.Debug|x64.Build.0 = Debug|Any CPU
		{12D05AE8-1B6E-4849-9F83-FE3C51A60C64}.Debug|x86.ActiveCfg = Debug|Any CPU
		{12D05AE8-1B6E-4849-9F83-FE3C51A60C64}.Debug|x86.Build.0 = Debug|Any CPU
		{12D05AE8-1B6E-4849-9F83-FE3C51A60C64}.Release|Any CPU.ActiveCfg = Release|Any CPU
		{12D05AE8-1B6E-4849-9F83-FE3C51A60C64}.Release|Any CPU.Build.0 = Release|Any CPU
		{12D05AE8-1B6E-4849-9F83-FE3C51A60C64}.Release|x64.ActiveCfg = Release|Any CPU
		{12D05AE8-1B6E-4849-9F83-FE3C51A60C64}.Release|x64.Build.0 = Release|Any CPU
		{12D05AE8-1B6E-4849-9F83-FE3C51A60C64}.Release|x86.ActiveCfg = Release|Any CPU
		{12D05AE8-1B6E-4849-9F83-FE3C51A60C64}.Release|x86.Build.0 = Release|Any CPU
		{5427BDE8-922E-460B-BDE9-F354A8AFEBE0}.Debug|Any CPU.ActiveCfg = Debug|Any CPU
		{5427BDE8-922E-460B-BDE9-F354A8AFEBE0}.Debug|Any CPU.Build.0 = Debug|Any CPU
		{5427BDE8-922E-460B-BDE9-F354A8AFEBE0}.Debug|x64.ActiveCfg = Debug|Any CPU
		{5427BDE8-922E-460B-BDE9-F354A8AFEBE0}.Debug|x64.Build.0 = Debug|Any CPU
		{5427BDE8-922E-460B-BDE9-F354A8AFEBE0}.Debug|x86.ActiveCfg = Debug|Any CPU
		{5427BDE8-922E-460B-BDE9-F354A8AFEBE0}.Debug|x86.Build.0 = Debug|Any CPU
		{5427BDE8-922E-460B-BDE9-F354A8AFEBE0}.Release|Any CPU.ActiveCfg = Release|Any CPU
		{5427BDE8-922E-460B-BDE9-F354A8AFEBE0}.Release|Any CPU.Build.0 = Release|Any CPU
		{5427BDE8-922E-460B-BDE9-F354A8AFEBE0}.Release|x64.ActiveCfg = Release|Any CPU
		{5427BDE8-922E-460B-BDE9-F354A8AFEBE0}.Release|x64.Build.0 = Release|Any CPU
		{5427BDE8-922E-460B-BDE9-F354A8AFEBE0}.Release|x86.ActiveCfg = Release|Any CPU
		{5427BDE8-922E-460B-BDE9-F354A8AFEBE0}.Release|x86.Build.0 = Release|Any CPU
		{63916177-BF27-448A-BF0E-DC9BDC246E70}.Debug|Any CPU.ActiveCfg = Debug|Any CPU
		{63916177-BF27-448A-BF0E-DC9BDC246E70}.Debug|Any CPU.Build.0 = Debug|Any CPU
		{63916177-BF27-448A-BF0E-DC9BDC246E70}.Debug|x64.ActiveCfg = Debug|Any CPU
		{63916177-BF27-448A-BF0E-DC9BDC246E70}.Debug|x64.Build.0 = Debug|Any CPU
		{63916177-BF27-448A-BF0E-DC9BDC246E70}.Debug|x86.ActiveCfg = Debug|Any CPU
		{63916177-BF27-448A-BF0E-DC9BDC246E70}.Debug|x86.Build.0 = Debug|Any CPU
		{63916177-BF27-448A-BF0E-DC9BDC246E70}.Release|Any CPU.ActiveCfg = Release|Any CPU
		{63916177-BF27-448A-BF0E-DC9BDC246E70}.Release|Any CPU.Build.0 = Release|Any CPU
		{63916177-BF27-448A-BF0E-DC9BDC246E70}.Release|x64.ActiveCfg = Release|Any CPU
		{63916177-BF27-448A-BF0E-DC9BDC246E70}.Release|x64.Build.0 = Release|Any CPU
		{63916177-BF27-448A-BF0E-DC9BDC246E70}.Release|x86.ActiveCfg = Release|Any CPU
		{63916177-BF27-448A-BF0E-DC9BDC246E70}.Release|x86.Build.0 = Release|Any CPU
		{CD479209-A95B-400F-98D6-359109781FE5}.Debug|Any CPU.ActiveCfg = Debug|Any CPU
		{CD479209-A95B-400F-98D6-359109781FE5}.Debug|Any CPU.Build.0 = Debug|Any CPU
		{CD479209-A95B-400F-98D6-359109781FE5}.Debug|x64.ActiveCfg = Debug|Any CPU
		{CD479209-A95B-400F-98D6-359109781FE5}.Debug|x64.Build.0 = Debug|Any CPU
		{CD479209-A95B-400F-98D6-359109781FE5}.Debug|x86.ActiveCfg = Debug|Any CPU
		{CD479209-A95B-400F-98D6-359109781FE5}.Debug|x86.Build.0 = Debug|Any CPU
		{CD479209-A95B-400F-98D6-359109781FE5}.Release|Any CPU.ActiveCfg = Release|Any CPU
		{CD479209-A95B-400F-98D6-359109781FE5}.Release|Any CPU.Build.0 = Release|Any CPU
		{CD479209-A95B-400F-98D6-359109781FE5}.Release|x64.ActiveCfg = Release|Any CPU
		{CD479209-A95B-400F-98D6-359109781FE5}.Release|x64.Build.0 = Release|Any CPU
		{CD479209-A95B-400F-98D6-359109781FE5}.Release|x86.ActiveCfg = Release|Any CPU
		{CD479209-A95B-400F-98D6-359109781FE5}.Release|x86.Build.0 = Release|Any CPU
		{AA611316-2859-42F0-B0A1-B4306A4A2E09}.Debug|Any CPU.ActiveCfg = Debug|Any CPU
		{AA611316-2859-42F0-B0A1-B4306A4A2E09}.Debug|Any CPU.Build.0 = Debug|Any CPU
		{AA611316-2859-42F0-B0A1-B4306A4A2E09}.Debug|x64.ActiveCfg = Debug|Any CPU
		{AA611316-2859-42F0-B0A1-B4306A4A2E09}.Debug|x64.Build.0 = Debug|Any CPU
		{AA611316-2859-42F0-B0A1-B4306A4A2E09}.Debug|x86.ActiveCfg = Debug|Any CPU
		{AA611316-2859-42F0-B0A1-B4306A4A2E09}.Debug|x86.Build.0 = Debug|Any CPU
		{AA611316-2859-42F0-B0A1-B4306A4A2E09}.Release|Any CPU.ActiveCfg = Release|Any CPU
		{AA611316-2859-42F0-B0A1-B4306A4A2E09}.Release|Any CPU.Build.0 = Release|Any CPU
		{AA611316-2859-42F0-B0A1-B4306A4A2E09}.Release|x64.ActiveCfg = Release|Any CPU
		{AA611316-2859-42F0-B0A1-B4306A4A2E09}.Release|x64.Build.0 = Release|Any CPU
		{AA611316-2859-42F0-B0A1-B4306A4A2E09}.Release|x86.ActiveCfg = Release|Any CPU
		{AA611316-2859-42F0-B0A1-B4306A4A2E09}.Release|x86.Build.0 = Release|Any CPU
		{55B69612-F7DC-4221-B5AD-B323CFCF64E7}.Debug|Any CPU.ActiveCfg = Debug|Any CPU
		{55B69612-F7DC-4221-B5AD-B323CFCF64E7}.Debug|Any CPU.Build.0 = Debug|Any CPU
		{55B69612-F7DC-4221-B5AD-B323CFCF64E7}.Debug|x64.ActiveCfg = Debug|Any CPU
		{55B69612-F7DC-4221-B5AD-B323CFCF64E7}.Debug|x64.Build.0 = Debug|Any CPU
		{55B69612-F7DC-4221-B5AD-B323CFCF64E7}.Debug|x86.ActiveCfg = Debug|Any CPU
		{55B69612-F7DC-4221-B5AD-B323CFCF64E7}.Debug|x86.Build.0 = Debug|Any CPU
		{55B69612-F7DC-4221-B5AD-B323CFCF64E7}.Release|Any CPU.ActiveCfg = Release|Any CPU
		{55B69612-F7DC-4221-B5AD-B323CFCF64E7}.Release|Any CPU.Build.0 = Release|Any CPU
		{55B69612-F7DC-4221-B5AD-B323CFCF64E7}.Release|x64.ActiveCfg = Release|Any CPU
		{55B69612-F7DC-4221-B5AD-B323CFCF64E7}.Release|x64.Build.0 = Release|Any CPU
		{55B69612-F7DC-4221-B5AD-B323CFCF64E7}.Release|x86.ActiveCfg = Release|Any CPU
		{55B69612-F7DC-4221-B5AD-B323CFCF64E7}.Release|x86.Build.0 = Release|Any CPU
		{7A335077-8387-4210-A8F1-2653C20BF074}.Debug|Any CPU.ActiveCfg = Debug|Any CPU
		{7A335077-8387-4210-A8F1-2653C20BF074}.Debug|Any CPU.Build.0 = Debug|Any CPU
		{7A335077-8387-4210-A8F1-2653C20BF074}.Debug|x64.ActiveCfg = Debug|Any CPU
		{7A335077-8387-4210-A8F1-2653C20BF074}.Debug|x64.Build.0 = Debug|Any CPU
		{7A335077-8387-4210-A8F1-2653C20BF074}.Debug|x86.ActiveCfg = Debug|Any CPU
		{7A335077-8387-4210-A8F1-2653C20BF074}.Debug|x86.Build.0 = Debug|Any CPU
		{7A335077-8387-4210-A8F1-2653C20BF074}.Release|Any CPU.ActiveCfg = Release|Any CPU
		{7A335077-8387-4210-A8F1-2653C20BF074}.Release|Any CPU.Build.0 = Release|Any CPU
		{7A335077-8387-4210-A8F1-2653C20BF074}.Release|x64.ActiveCfg = Release|Any CPU
		{7A335077-8387-4210-A8F1-2653C20BF074}.Release|x64.Build.0 = Release|Any CPU
		{7A335077-8387-4210-A8F1-2653C20BF074}.Release|x86.ActiveCfg = Release|Any CPU
		{7A335077-8387-4210-A8F1-2653C20BF074}.Release|x86.Build.0 = Release|Any CPU
		{BB9CF314-02B7-4AB9-95BE-7BABEFA0BD2B}.Debug|Any CPU.ActiveCfg = Debug|Any CPU
		{BB9CF314-02B7-4AB9-95BE-7BABEFA0BD2B}.Debug|Any CPU.Build.0 = Debug|Any CPU
		{BB9CF314-02B7-4AB9-95BE-7BABEFA0BD2B}.Debug|x64.ActiveCfg = Debug|Any CPU
		{BB9CF314-02B7-4AB9-95BE-7BABEFA0BD2B}.Debug|x64.Build.0 = Debug|Any CPU
		{BB9CF314-02B7-4AB9-95BE-7BABEFA0BD2B}.Debug|x86.ActiveCfg = Debug|Any CPU
		{BB9CF314-02B7-4AB9-95BE-7BABEFA0BD2B}.Debug|x86.Build.0 = Debug|Any CPU
		{BB9CF314-02B7-4AB9-95BE-7BABEFA0BD2B}.Release|Any CPU.ActiveCfg = Release|Any CPU
		{BB9CF314-02B7-4AB9-95BE-7BABEFA0BD2B}.Release|Any CPU.Build.0 = Release|Any CPU
		{BB9CF314-02B7-4AB9-95BE-7BABEFA0BD2B}.Release|x64.ActiveCfg = Release|Any CPU
		{BB9CF314-02B7-4AB9-95BE-7BABEFA0BD2B}.Release|x64.Build.0 = Release|Any CPU
		{BB9CF314-02B7-4AB9-95BE-7BABEFA0BD2B}.Release|x86.ActiveCfg = Release|Any CPU
		{BB9CF314-02B7-4AB9-95BE-7BABEFA0BD2B}.Release|x86.Build.0 = Release|Any CPU
		{859D3C4F-D87C-42E8-B5C5-CF3D2CB77B41}.Debug|Any CPU.ActiveCfg = Debug|Any CPU
		{859D3C4F-D87C-42E8-B5C5-CF3D2CB77B41}.Debug|Any CPU.Build.0 = Debug|Any CPU
		{859D3C4F-D87C-42E8-B5C5-CF3D2CB77B41}.Debug|x64.ActiveCfg = Debug|Any CPU
		{859D3C4F-D87C-42E8-B5C5-CF3D2CB77B41}.Debug|x64.Build.0 = Debug|Any CPU
		{859D3C4F-D87C-42E8-B5C5-CF3D2CB77B41}.Debug|x86.ActiveCfg = Debug|Any CPU
		{859D3C4F-D87C-42E8-B5C5-CF3D2CB77B41}.Debug|x86.Build.0 = Debug|Any CPU
		{859D3C4F-D87C-42E8-B5C5-CF3D2CB77B41}.Release|Any CPU.ActiveCfg = Release|Any CPU
		{859D3C4F-D87C-42E8-B5C5-CF3D2CB77B41}.Release|Any CPU.Build.0 = Release|Any CPU
		{859D3C4F-D87C-42E8-B5C5-CF3D2CB77B41}.Release|x64.ActiveCfg = Release|Any CPU
		{859D3C4F-D87C-42E8-B5C5-CF3D2CB77B41}.Release|x64.Build.0 = Release|Any CPU
		{859D3C4F-D87C-42E8-B5C5-CF3D2CB77B41}.Release|x86.ActiveCfg = Release|Any CPU
		{859D3C4F-D87C-42E8-B5C5-CF3D2CB77B41}.Release|x86.Build.0 = Release|Any CPU
	EndGlobalSection
	GlobalSection(SolutionProperties) = preSolution
		HideSolutionNode = FALSE
	EndGlobalSection
	GlobalSection(NestedProjects) = preSolution
		{D75ADD98-30BB-43F4-8438-DE4E4BA8DFC3} = {827E0CD3-B72D-47B6-A68D-7590B98EB39B}
		{12D05AE8-1B6E-4849-9F83-FE3C51A60C64} = {827E0CD3-B72D-47B6-A68D-7590B98EB39B}
		{5427BDE8-922E-460B-BDE9-F354A8AFEBE0} = {827E0CD3-B72D-47B6-A68D-7590B98EB39B}
		{63916177-BF27-448A-BF0E-DC9BDC246E70} = {827E0CD3-B72D-47B6-A68D-7590B98EB39B}
		{CD479209-A95B-400F-98D6-359109781FE5} = {827E0CD3-B72D-47B6-A68D-7590B98EB39B}
		{AA611316-2859-42F0-B0A1-B4306A4A2E09} = {0AB3BF05-4346-4AA6-1389-037BE0695223}
		{55B69612-F7DC-4221-B5AD-B323CFCF64E7} = {0AB3BF05-4346-4AA6-1389-037BE0695223}
		{7A335077-8387-4210-A8F1-2653C20BF074} = {0AB3BF05-4346-4AA6-1389-037BE0695223}
		{BB9CF314-02B7-4AB9-95BE-7BABEFA0BD2B} = {0AB3BF05-4346-4AA6-1389-037BE0695223}
		{859D3C4F-D87C-42E8-B5C5-CF3D2CB77B41} = {0AB3BF05-4346-4AA6-1389-037BE0695223}
	EndGlobalSection
EndGlobal
